// !$*UTF8*$!
{
	archiveVersion = 1;
	classes = {
	};
	objectVersion = 46;
	objects = {

/* Begin PBXBuildFile section */
		601BD6B61C797F0D00EB9354 /* AppDelegate.swift in Sources */ = {isa = PBXBuildFile; fileRef = 601BD6B51C797F0D00EB9354 /* AppDelegate.swift */; };
		601BD6B81C797F0D00EB9354 /* ViewController.swift in Sources */ = {isa = PBXBuildFile; fileRef = 601BD6B71C797F0D00EB9354 /* ViewController.swift */; };
		601BD6BB1C797F0D00EB9354 /* Main.storyboard in Resources */ = {isa = PBXBuildFile; fileRef = 601BD6B91C797F0D00EB9354 /* Main.storyboard */; };
		601BD6BD1C797F0D00EB9354 /* Assets.xcassets in Resources */ = {isa = PBXBuildFile; fileRef = 601BD6BC1C797F0D00EB9354 /* Assets.xcassets */; };
		601BD6C01C797F0D00EB9354 /* LaunchScreen.storyboard in Resources */ = {isa = PBXBuildFile; fileRef = 601BD6BE1C797F0D00EB9354 /* LaunchScreen.storyboard */; };
		601BD6CB1C797F0D00EB9354 /* CustomTransitionsUsingViewControllersTests.swift in Sources */ = {isa = PBXBuildFile; fileRef = 601BD6CA1C797F0D00EB9354 /* CustomTransitionsUsingViewControllersTests.swift */; };
		601BD6D61C797F0D00EB9354 /* CustomTransitionsUsingViewControllersUITests.swift in Sources */ = {isa = PBXBuildFile; fileRef = 601BD6D51C797F0D00EB9354 /* CustomTransitionsUsingViewControllersUITests.swift */; };
/* End PBXBuildFile section */

/* Begin PBXContainerItemProxy section */
		601BD6C71C797F0D00EB9354 /* PBXContainerItemProxy */ = {
			isa = PBXContainerItemProxy;
			containerPortal = 601BD6AA1C797F0D00EB9354 /* Project object */;
			proxyType = 1;
			remoteGlobalIDString = 601BD6B11C797F0D00EB9354;
			remoteInfo = CustomTransitionsUsingViewControllers;
		};
		601BD6D21C797F0D00EB9354 /* PBXContainerItemProxy */ = {
			isa = PBXContainerItemProxy;
			containerPortal = 601BD6AA1C797F0D00EB9354 /* Project object */;
			proxyType = 1;
			remoteGlobalIDString = 601BD6B11C797F0D00EB9354;
			remoteInfo = CustomTransitionsUsingViewControllers;
		};
/* End PBXContainerItemProxy section */

/* Begin PBXFileReference section */
		601BD6B21C797F0D00EB9354 /* CustomTransitionsUsingViewControllers.app */ = {isa = PBXFileReference; explicitFileType = wrapper.application; includeInIndex = 0; path = CustomTransitionsUsingViewControllers.app; sourceTree = BUILT_PRODUCTS_DIR; };
		601BD6B51C797F0D00EB9354 /* AppDelegate.swift */ = {isa = PBXFileReference; lastKnownFileType = sourcecode.swift; path = AppDelegate.swift; sourceTree = "<group>"; };
		601BD6B71C797F0D00EB9354 /* ViewController.swift */ = {isa = PBXFileReference; lastKnownFileType = sourcecode.swift; path = ViewController.swift; sourceTree = "<group>"; };
		601BD6BA1C797F0D00EB9354 /* Base */ = {isa = PBXFileReference; lastKnownFileType = file.storyboard; name = Base; path = Base.lproj/Main.storyboard; sourceTree = "<group>"; };
		601BD6BC1C797F0D00EB9354 /* Assets.xcassets */ = {isa = PBXFileReference; lastKnownFileType = folder.assetcatalog; path = Assets.xcassets; sourceTree = "<group>"; };
		601BD6BF1C797F0D00EB9354 /* Base */ = {isa = PBXFileReference; lastKnownFileType = file.storyboard; name = Base; path = Base.lproj/LaunchScreen.storyboard; sourceTree = "<group>"; };
		601BD6C11C797F0D00EB9354 /* Info.plist */ = {isa = PBXFileReference; lastKnownFileType = text.plist.xml; path = Info.plist; sourceTree = "<group>"; };
		601BD6C61C797F0D00EB9354 /* CustomTransitionsUsingViewControllersTests.xctest */ = {isa = PBXFileReference; explicitFileType = wrapper.cfbundle; includeInIndex = 0; path = CustomTransitionsUsingViewControllersTests.xctest; sourceTree = BUILT_PRODUCTS_DIR; };
		601BD6CA1C797F0D00EB9354 /* CustomTransitionsUsingViewControllersTests.swift */ = {isa = PBXFileReference; lastKnownFileType = sourcecode.swift; path = CustomTransitionsUsingViewControllersTests.swift; sourceTree = "<group>"; };
		601BD6CC1C797F0D00EB9354 /* Info.plist */ = {isa = PBXFileReference; lastKnownFileType = text.plist.xml; path = Info.plist; sourceTree = "<group>"; };
		601BD6D11C797F0D00EB9354 /* CustomTransitionsUsingViewControllersUITests.xctest */ = {isa = PBXFileReference; explicitFileType = wrapper.cfbundle; includeInIndex = 0; path = CustomTransitionsUsingViewControllersUITests.xctest; sourceTree = BUILT_PRODUCTS_DIR; };
		601BD6D51C797F0D00EB9354 /* CustomTransitionsUsingViewControllersUITests.swift */ = {isa = PBXFileReference; lastKnownFileType = sourcecode.swift; path = CustomTransitionsUsingViewControllersUITests.swift; sourceTree = "<group>"; };
		601BD6D71C797F0D00EB9354 /* Info.plist */ = {isa = PBXFileReference; lastKnownFileType = text.plist.xml; path = Info.plist; sourceTree = "<group>"; };
/* End PBXFileReference section */

/* Begin PBXFrameworksBuildPhase section */
		601BD6AF1C797F0D00EB9354 /* Frameworks */ = {
			isa = PBXFrameworksBuildPhase;
			buildActionMask = 2147483647;
			files = (
			);
			runOnlyForDeploymentPostprocessing = 0;
		};
		601BD6C31C797F0D00EB9354 /* Frameworks */ = {
			isa = PBXFrameworksBuildPhase;
			buildActionMask = 2147483647;
			files = (
			);
			runOnlyForDeploymentPostprocessing = 0;
		};
		601BD6CE1C797F0D00EB9354 /* Frameworks */ = {
			isa = PBXFrameworksBuildPhase;
			buildActionMask = 2147483647;
			files = (
			);
			runOnlyForDeploymentPostprocessing = 0;
		};
/* End PBXFrameworksBuildPhase section */

/* Begin PBXGroup section */
		601BD6A91C797F0D00EB9354 = {
			isa = PBXGroup;
			children = (
				601BD6B41C797F0D00EB9354 /* CustomTransitionsUsingViewControllers */,
				601BD6C91C797F0D00EB9354 /* CustomTransitionsUsingViewControllersTests */,
				601BD6D41C797F0D00EB9354 /* CustomTransitionsUsingViewControllersUITests */,
				601BD6B31C797F0D00EB9354 /* Products */,
			);
			sourceTree = "<group>";
		};
		601BD6B31C797F0D00EB9354 /* Products */ = {
			isa = PBXGroup;
			children = (
				601BD6B21C797F0D00EB9354 /* CustomTransitionsUsingViewControllers.app */,
				601BD6C61C797F0D00EB9354 /* CustomTransitionsUsingViewControllersTests.xctest */,
				601BD6D11C797F0D00EB9354 /* CustomTransitionsUsingViewControllersUITests.xctest */,
			);
			name = Products;
			sourceTree = "<group>";
		};
		601BD6B41C797F0D00EB9354 /* CustomTransitionsUsingViewControllers */ = {
			isa = PBXGroup;
			children = (
				601BD6B51C797F0D00EB9354 /* AppDelegate.swift */,
				601BD6B71C797F0D00EB9354 /* ViewController.swift */,
				601BD6B91C797F0D00EB9354 /* Main.storyboard */,
				601BD6BC1C797F0D00EB9354 /* Assets.xcassets */,
				601BD6BE1C797F0D00EB9354 /* LaunchScreen.storyboard */,
				601BD6C11C797F0D00EB9354 /* Info.plist */,
			);
			path = CustomTransitionsUsingViewControllers;
			sourceTree = "<group>";
		};
		601BD6C91C797F0D00EB9354 /* CustomTransitionsUsingViewControllersTests */ = {
			isa = PBXGroup;
			children = (
				601BD6CA1C797F0D00EB9354 /* CustomTransitionsUsingViewControllersTests.swift */,
				601BD6CC1C797F0D00EB9354 /* Info.plist */,
			);
			path = CustomTransitionsUsingViewControllersTests;
			sourceTree = "<group>";
		};
		601BD6D41C797F0D00EB9354 /* CustomTransitionsUsingViewControllersUITests */ = {
			isa = PBXGroup;
			children = (
				601BD6D51C797F0D00EB9354 /* CustomTransitionsUsingViewControllersUITests.swift */,
				601BD6D71C797F0D00EB9354 /* Info.plist */,
			);
			path = CustomTransitionsUsingViewControllersUITests;
			sourceTree = "<group>";
		};
/* End PBXGroup section */

/* Begin PBXNativeTarget section */
		601BD6B11C797F0D00EB9354 /* CustomTransitionsUsingViewControllers */ = {
			isa = PBXNativeTarget;
			buildConfigurationList = 601BD6DA1C797F0D00EB9354 /* Build configuration list for PBXNativeTarget "CustomTransitionsUsingViewControllers" */;
			buildPhases = (
				601BD6AE1C797F0D00EB9354 /* Sources */,
				601BD6AF1C797F0D00EB9354 /* Frameworks */,
				601BD6B01C797F0D00EB9354 /* Resources */,
			);
			buildRules = (
			);
			dependencies = (
			);
			name = CustomTransitionsUsingViewControllers;
			productName = CustomTransitionsUsingViewControllers;
			productReference = 601BD6B21C797F0D00EB9354 /* CustomTransitionsUsingViewControllers.app */;
			productType = "com.apple.product-type.application";
		};
		601BD6C51C797F0D00EB9354 /* CustomTransitionsUsingViewControllersTests */ = {
			isa = PBXNativeTarget;
			buildConfigurationList = 601BD6DD1C797F0D00EB9354 /* Build configuration list for PBXNativeTarget "CustomTransitionsUsingViewControllersTests" */;
			buildPhases = (
				601BD6C21C797F0D00EB9354 /* Sources */,
				601BD6C31C797F0D00EB9354 /* Frameworks */,
				601BD6C41C797F0D00EB9354 /* Resources */,
			);
			buildRules = (
			);
			dependencies = (
				601BD6C81C797F0D00EB9354 /* PBXTargetDependency */,
			);
			name = CustomTransitionsUsingViewControllersTests;
			productName = CustomTransitionsUsingViewControllersTests;
			productReference = 601BD6C61C797F0D00EB9354 /* CustomTransitionsUsingViewControllersTests.xctest */;
			productType = "com.apple.product-type.bundle.unit-test";
		};
		601BD6D01C797F0D00EB9354 /* CustomTransitionsUsingViewControllersUITests */ = {
			isa = PBXNativeTarget;
			buildConfigurationList = 601BD6E01C797F0D00EB9354 /* Build configuration list for PBXNativeTarget "CustomTransitionsUsingViewControllersUITests" */;
			buildPhases = (
				601BD6CD1C797F0D00EB9354 /* Sources */,
				601BD6CE1C797F0D00EB9354 /* Frameworks */,
				601BD6CF1C797F0D00EB9354 /* Resources */,
			);
			buildRules = (
			);
			dependencies = (
				601BD6D31C797F0D00EB9354 /* PBXTargetDependency */,
			);
			name = CustomTransitionsUsingViewControllersUITests;
			productName = CustomTransitionsUsingViewControllersUITests;
			productReference = 601BD6D11C797F0D00EB9354 /* CustomTransitionsUsingViewControllersUITests.xctest */;
			productType = "com.apple.product-type.bundle.ui-testing";
		};
/* End PBXNativeTarget section */

/* Begin PBXProject section */
		601BD6AA1C797F0D00EB9354 /* Project object */ = {
			isa = PBXProject;
			attributes = {
				LastSwiftUpdateCheck = 0720;
				LastUpgradeCheck = 0720;
				ORGANIZATIONNAME = wrcj;
				TargetAttributes = {
					601BD6B11C797F0D00EB9354 = {
						CreatedOnToolsVersion = 7.2;
					};
					601BD6C51C797F0D00EB9354 = {
						CreatedOnToolsVersion = 7.2;
						TestTargetID = 601BD6B11C797F0D00EB9354;
					};
					601BD6D01C797F0D00EB9354 = {
						CreatedOnToolsVersion = 7.2;
						TestTargetID = 601BD6B11C797F0D00EB9354;
					};
				};
			};
			buildConfigurationList = 601BD6AD1C797F0D00EB9354 /* Build configuration list for PBXProject "CustomTransitionsUsingViewControllers" */;
			compatibilityVersion = "Xcode 3.2";
			developmentRegion = English;
			hasScannedForEncodings = 0;
			knownRegions = (
				en,
				Base,
			);
			mainGroup = 601BD6A91C797F0D00EB9354;
			productRefGroup = 601BD6B31C797F0D00EB9354 /* Products */;
			projectDirPath = "";
			projectRoot = "";
			targets = (
				601BD6B11C797F0D00EB9354 /* CustomTransitionsUsingViewControllers */,
				601BD6C51C797F0D00EB9354 /* CustomTransitionsUsingViewControllersTests */,
				601BD6D01C797F0D00EB9354 /* CustomTransitionsUsingViewControllersUITests */,
			);
		};
/* End PBXProject section */

/* Begin PBXResourcesBuildPhase section */
		601BD6B01C797F0D00EB9354 /* Resources */ = {
			isa = PBXResourcesBuildPhase;
			buildActionMask = 2147483647;
			files = (
				601BD6C01C797F0D00EB9354 /* LaunchScreen.storyboard in Resources */,
				601BD6BD1C797F0D00EB9354 /* Assets.xcassets in Resources */,
				601BD6BB1C797F0D00EB9354 /* Main.storyboard in Resources */,
			);
			runOnlyForDeploymentPostprocessing = 0;
		};
		601BD6C41C797F0D00EB9354 /* Resources */ = {
			isa = PBXResourcesBuildPhase;
			buildActionMask = 2147483647;
			files = (
			);
			runOnlyForDeploymentPostprocessing = 0;
		};
		601BD6CF1C797F0D00EB9354 /* Resources */ = {
			isa = PBXResourcesBuildPhase;
			buildActionMask = 2147483647;
			files = (
			);
			runOnlyForDeploymentPostprocessing = 0;
		};
/* End PBXResourcesBuildPhase section */

/* Begin PBXSourcesBuildPhase section */
		601BD6AE1C797F0D00EB9354 /* Sources */ = {
			isa = PBXSourcesBuildPhase;
			buildActionMask = 2147483647;
			files = (
				601BD6B81C797F0D00EB9354 /* ViewController.swift in Sources */,
				601BD6B61C797F0D00EB9354 /* AppDelegate.swift in Sources */,
			);
			runOnlyForDeploymentPostprocessing = 0;
		};
		601BD6C21C797F0D00EB9354 /* Sources */ = {
			isa = PBXSourcesBuildPhase;
			buildActionMask = 2147483647;
			files = (
				601BD6CB1C797F0D00EB9354 /* CustomTransitionsUsingViewControllersTests.swift in Sources */,
			);
			runOnlyForDeploymentPostprocessing = 0;
		};
		601BD6CD1C797F0D00EB9354 /* Sources */ = {
			isa = PBXSourcesBuildPhase;
			buildActionMask = 2147483647;
			files = (
				601BD6D61C797F0D00EB9354 /* CustomTransitionsUsingViewControllersUITests.swift in Sources */,
			);
			runOnlyForDeploymentPostprocessing = 0;
		};
/* End PBXSourcesBuildPhase section */

/* Begin PBXTargetDependency section */
		601BD6C81C797F0D00EB9354 /* PBXTargetDependency */ = {
			isa = PBXTargetDependency;
			target = 601BD6B11C797F0D00EB9354 /* CustomTransitionsUsingViewControllers */;
			targetProxy = 601BD6C71C797F0D00EB9354 /* PBXContainerItemProxy */;
		};
		601BD6D31C797F0D00EB9354 /* PBXTargetDependency */ = {
			isa = PBXTargetDependency;
			target = 601BD6B11C797F0D00EB9354 /* CustomTransitionsUsingViewControllers */;
			targetProxy = 601BD6D21C797F0D00EB9354 /* PBXContainerItemProxy */;
		};
/* End PBXTargetDependency section */

/* Begin PBXVariantGroup section */
		601BD6B91C797F0D00EB9354 /* Main.storyboard */ = {
			isa = PBXVariantGroup;
			children = (
				601BD6BA1C797F0D00EB9354 /* Base */,
			);
			name = Main.storyboard;
			sourceTree = "<group>";
		};
		601BD6BE1C797F0D00EB9354 /* LaunchScreen.storyboard */ = {
			isa = PBXVariantGroup;
			children = (
				601BD6BF1C797F0D00EB9354 /* Base */,
			);
			name = LaunchScreen.storyboard;
			sourceTree = "<group>";
		};
/* End PBXVariantGroup section */

/* Begin XCBuildConfiguration section */
		601BD6D81C797F0D00EB9354 /* Debug */ = {
			isa = XCBuildConfiguration;
			buildSettings = {
				ALWAYS_SEARCH_USER_PATHS = NO;
				CLANG_CXX_LANGUAGE_STANDARD = "gnu++0x";
				CLANG_CXX_LIBRARY = "libc++";
				CLANG_ENABLE_MODULES = YES;
				CLANG_ENABLE_OBJC_ARC = YES;
				CLANG_WARN_BOOL_CONVERSION = YES;
				CLANG_WARN_CONSTANT_CONVERSION = YES;
				CLANG_WARN_DIRECT_OBJC_ISA_USAGE = YES_ERROR;
				CLANG_WARN_EMPTY_BODY = YES;
				CLANG_WARN_ENUM_CONVERSION = YES;
				CLANG_WARN_INT_CONVERSION = YES;
				CLANG_WARN_OBJC_ROOT_CLASS = YES_ERROR;
				CLANG_WARN_UNREACHABLE_CODE = YES;
				CLANG_WARN__DUPLICATE_METHOD_MATCH = YES;
				"CODE_SIGN_IDENTITY[sdk=iphoneos*]" = "iPhone Developer";
				COPY_PHASE_STRIP = NO;
				DEBUG_INFORMATION_FORMAT = dwarf;
				ENABLE_STRICT_OBJC_MSGSEND = YES;
				ENABLE_TESTABILITY = YES;
				GCC_C_LANGUAGE_STANDARD = gnu99;
				GCC_DYNAMIC_NO_PIC = NO;
				GCC_NO_COMMON_BLOCKS = YES;
				GCC_OPTIMIZATION_LEVEL = 0;
				GCC_PREPROCESSOR_DEFINITIONS = (
					"DEBUG=1",
					"$(inherited)",
				);
				GCC_WARN_64_TO_32_BIT_CONVERSION = YES;
				GCC_WARN_ABOUT_RETURN_TYPE = YES_ERROR;
				GCC_WARN_UNDECLARED_SELECTOR = YES;
				GCC_WARN_UNINITIALIZED_AUTOS = YES_AGGRESSIVE;
				GCC_WARN_UNUSED_FUNCTION = YES;
				GCC_WARN_UNUSED_VARIABLE = YES;
				IPHONEOS_DEPLOYMENT_TARGET = 9.2;
				MTL_ENABLE_DEBUG_INFO = YES;
				ONLY_ACTIVE_ARCH = YES;
				SDKROOT = iphoneos;
				SWIFT_OPTIMIZATION_LEVEL = "-Onone";
				TARGETED_DEVICE_FAMILY = "1,2";
			};
			name = Debug;
		};
		601BD6D91C797F0D00EB9354 /* Release */ = {
			isa = XCBuildConfiguration;
			buildSettings = {
				ALWAYS_SEARCH_USER_PATHS = NO;
				CLANG_CXX_LANGUAGE_STANDARD = "gnu++0x";
				CLANG_CXX_LIBRARY = "libc++";
				CLANG_ENABLE_MODULES = YES;
				CLANG_ENABLE_OBJC_ARC = YES;
				CLANG_WARN_BOOL_CONVERSION = YES;
				CLANG_WARN_CONSTANT_CONVERSION = YES;
				CLANG_WARN_DIRECT_OBJC_ISA_USAGE = YES_ERROR;
				CLANG_WARN_EMPTY_BODY = YES;
				CLANG_WARN_ENUM_CONVERSION = YES;
				CLANG_WARN_INT_CONVERSION = YES;
				CLANG_WARN_OBJC_ROOT_CLASS = YES_ERROR;
				CLANG_WARN_UNREACHABLE_CODE = YES;
				CLANG_WARN__DUPLICATE_METHOD_MATCH = YES;
				"CODE_SIGN_IDENTITY[sdk=iphoneos*]" = "iPhone Developer";
				COPY_PHASE_STRIP = NO;
				DEBUG_INFORMATION_FORMAT = "dwarf-with-dsym";
				ENABLE_NS_ASSERTIONS = NO;
				ENABLE_STRICT_OBJC_MSGSEND = YES;
				GCC_C_LANGUAGE_STANDARD = gnu99;
				GCC_NO_COMMON_BLOCKS = YES;
				GCC_WARN_64_TO_32_BIT_CONVERSION = YES;
				GCC_WARN_ABOUT_RETURN_TYPE = YES_ERROR;
				GCC_WARN_UNDECLARED_SELECTOR = YES;
				GCC_WARN_UNINITIALIZED_AUTOS = YES_AGGRESSIVE;
				GCC_WARN_UNUSED_FUNCTION = YES;
				GCC_WARN_UNUSED_VARIABLE = YES;
				IPHONEOS_DEPLOYMENT_TARGET = 9.2;
				MTL_ENABLE_DEBUG_INFO = NO;
				SDKROOT = iphoneos;
				TARGETED_DEVICE_FAMILY = "1,2";
				VALIDATE_PRODUCT = YES;
			};
			name = Release;
		};
		601BD6DB1C797F0D00EB9354 /* Debug */ = {
			isa = XCBuildConfiguration;
			buildSettings = {
				ASSETCATALOG_COMPILER_APPICON_NAME = AppIcon;
				INFOPLIST_FILE = CustomTransitionsUsingViewControllers/Info.plist;
				LD_RUNPATH_SEARCH_PATHS = "$(inherited) @executable_path/Frameworks";
				PRODUCT_BUNDLE_IDENTIFIER = com.wrcj.test.CustomTransitionsUsingViewControllers;
				PRODUCT_NAME = "$(TARGET_NAME)";
			};
			name = Debug;
		};
		601BD6DC1C797F0D00EB9354 /* Release */ = {
			isa = XCBuildConfiguration;
			buildSettings = {
				ASSETCATALOG_COMPILER_APPICON_NAME = AppIcon;
				INFOPLIST_FILE = CustomTransitionsUsingViewControllers/Info.plist;
				LD_RUNPATH_SEARCH_PATHS = "$(inherited) @executable_path/Frameworks";
				PRODUCT_BUNDLE_IDENTIFIER = com.wrcj.test.CustomTransitionsUsingViewControllers;
				PRODUCT_NAME = "$(TARGET_NAME)";
			};
			name = Release;
		};
		601BD6DE1C797F0D00EB9354 /* Debug */ = {
			isa = XCBuildConfiguration;
			buildSettings = {
				BUNDLE_LOADER = "$(TEST_HOST)";
				INFOPLIST_FILE = CustomTransitionsUsingViewControllersTests/Info.plist;
				LD_RUNPATH_SEARCH_PATHS = "$(inherited) @executable_path/Frameworks @loader_path/Frameworks";
				PRODUCT_BUNDLE_IDENTIFIER = com.wrcj.test.CustomTransitionsUsingViewControllersTests;
				PRODUCT_NAME = "$(TARGET_NAME)";
				TEST_HOST = "$(BUILT_PRODUCTS_DIR)/CustomTransitionsUsingViewControllers.app/CustomTransitionsUsingViewControllers";
			};
			name = Debug;
		};
		601BD6DF1C797F0D00EB9354 /* Release */ = {
			isa = XCBuildConfiguration;
			buildSettings = {
				BUNDLE_LOADER = "$(TEST_HOST)";
				INFOPLIST_FILE = CustomTransitionsUsingViewControllersTests/Info.plist;
				LD_RUNPATH_SEARCH_PATHS = "$(inherited) @executable_path/Frameworks @loader_path/Frameworks";
				PRODUCT_BUNDLE_IDENTIFIER = com.wrcj.test.CustomTransitionsUsingViewControllersTests;
				PRODUCT_NAME = "$(TARGET_NAME)";
				TEST_HOST = "$(BUILT_PRODUCTS_DIR)/CustomTransitionsUsingViewControllers.app/CustomTransitionsUsingViewControllers";
			};
			name = Release;
		};
		601BD6E11C797F0D00EB9354 /* Debug */ = {
			isa = XCBuildConfiguration;
			buildSettings = {
				INFOPLIST_FILE = CustomTransitionsUsingViewControllersUITests/Info.plist;
				LD_RUNPATH_SEARCH_PATHS = "$(inherited) @executable_path/Frameworks @loader_path/Frameworks";
				PRODUCT_BUNDLE_IDENTIFIER = com.wrcj.test.CustomTransitionsUsingViewControllersUITests;
				PRODUCT_NAME = "$(TARGET_NAME)";
				TEST_TARGET_NAME = CustomTransitionsUsingViewControllers;
				USES_XCTRUNNER = YES;
			};
			name = Debug;
		};
		601BD6E21C797F0D00EB9354 /* Release */ = {
			isa = XCBuildConfiguration;
			buildSettings = {
				INFOPLIST_FILE = CustomTransitionsUsingViewControllersUITests/Info.plist;
				LD_RUNPATH_SEARCH_PATHS = "$(inherited) @executable_path/Frameworks @loader_path/Frameworks";
				PRODUCT_BUNDLE_IDENTIFIER = com.wrcj.test.CustomTransitionsUsingViewControllersUITests;
				PRODUCT_NAME = "$(TARGET_NAME)";
				TEST_TARGET_NAME = CustomTransitionsUsingViewControllers;
				USES_XCTRUNNER = YES;
			};
			name = Release;
		};
/* End XCBuildConfiguration section */

/* Begin XCConfigurationList section */
		601BD6AD1C797F0D00EB9354 /* Build configuration list for PBXProject "CustomTransitionsUsingViewControllers" */ = {
			isa = XCConfigurationList;
			buildConfigurations = (
				601BD6D81C797F0D00EB9354 /* Debug */,
				601BD6D91C797F0D00EB9354 /* Release */,
			);
			defaultConfigurationIsVisible = 0;
			defaultConfigurationName = Release;
		};
		601BD6DA1C797F0D00EB9354 /* Build configuration list for PBXNativeTarget "CustomTransitionsUsingViewControllers" */ = {
			isa = XCConfigurationList;
			buildConfigurations = (
				601BD6DB1C797F0D00EB9354 /* Debug */,
				601BD6DC1C797F0D00EB9354 /* Release */,
			);
			defaultConfigurationIsVisible = 0;
		};
		601BD6DD1C797F0D00EB9354 /* Build configuration list for PBXNativeTarget "CustomTransitionsUsingViewControllersTests" */ = {
			isa = XCConfigurationList;
			buildConfigurations = (
				601BD6DE1C797F0D00EB9354 /* Debug */,
				601BD6DF1C797F0D00EB9354 /* Release */,
			);
			defaultConfigurationIsVisible = 0;
		};
		601BD6E01C797F0D00EB9354 /* Build configuration list for PBXNativeTarget "CustomTransitionsUsingViewControllersUITests" */ = {
			isa = XCConfigurationList;
			buildConfigurations = (
				601BD6E11C797F0D00EB9354 /* Debug */,
				601BD6E21C797F0D00EB9354 /* Release */,
			);
			defaultConfigurationIsVisible = 0;
		};
/* End XCConfigurationList section */
	};
	rootObject = 601BD6AA1C797F0D00EB9354 /* Project object */;
}
